<?xml version="1.0" encoding="utf-8"?>
<Project ToolsVersion="4.0" xmlns="http://schemas.microsoft.com/developer/msbuild/2003">
  <ItemGroup>
    <Filter Include="Файлы заголовков">
      <UniqueIdentifier>{93995380-89BD-4b04-88EB-625FBE52EBFB}</UniqueIdentifier>
      <Extensions>h;hh;hpp;hxx;h++;hm;inl;inc;ipp;xsd</Extensions>
    </Filter>
    <Filter Include="Файлы ресурсов">
      <UniqueIdentifier>{67DA6AB6-F800-4c08-8B7A-83BB121AAD01}</UniqueIdentifier>
      <Extensions>rc;ico;cur;bmp;dlg;rc2;rct;bin;rgs;gif;jpg;jpeg;jpe;resx;tiff;tif;png;wav;mfcribbon-ms</Extensions>
    </Filter>
    <Filter Include="core">
      <UniqueIdentifier>{471fd92a-b919-4434-b532-919a6d027b09}</UniqueIdentifier>
    </Filter>
    <Filter Include="network">
      <UniqueIdentifier>{21df4c76-4800-411d-8f89-b1936d393491}</UniqueIdentifier>
    </Filter>
    <Filter Include="utils">
      <UniqueIdentifier>{e48abfa7-769c-4d03-a845-4646e68cb19e}</UniqueIdentifier>
    </Filter>
  </ItemGroup>
  <ItemGroup>
    <ClCompile Include="main.cpp">
      <Filter>core</Filter>
    </ClCompile>
    <ClCompile Include="icmp.cpp">
      <Filter>network</Filter>
    </ClCompile>
    <ClCompile Include="checksum.cpp">
      <Filter>utils</Filter>
    </ClCompile>
    <ClCompile Include="dns.cpp">
      <Filter>utils</Filter>
    </ClCompile>
  </ItemGroup>
  <ItemGroup>
    <ClInclude Include="icmp.h">
      <Filter>network</Filter>
    </ClInclude>
    <ClInclude Include="checksum.h">
      <Filter>utils</Filter>
    </ClInclude>
    <ClInclude Include="dns.h">
      <Filter>utils</Filter>
    </ClInclude>
  </ItemGroup>
</Project>